{
  "version": 2,
  "dependencies": {
    "net10.0": {
      "pocok.conversion": {
        "type": "Project",
        "dependencies": {
          "Pocok.Conversion.Abstractions": "[1.0.0, )"
        }
      },
      "pocok.conversion.abstractions": {
        "type": "Project",
        "dependencies": {
          "Pocok.Primitives": "[1.0.0, )"
        }
      },
      "pocok.primitives": {
        "type": "Project"
      }
    }
  }
}
